
Microsoft Visual Studio Solution File, Format Version 12.00
# Visual Studio Version 16
VisualStudioVersion = 16.0.30907.101
MinimumVisualStudioVersion = 10.0.40219.1
Project("{FAE04EC0-301F-11D3-BF4B-00C04F79EFBC}") = "CelesteShaderCompiler", "CelesteShaderCompiler.csproj", "{38F287F7-5C5F-43E7-BDDF-5A78F0E5022B}"
EndProject
Global
	GlobalSection(SolutionConfigurationPlatforms) = preSolution
		Debug|Any CPU = Debug|Any CPU
		Release|Any CPU = Release|Any CPU
	EndGlobalSection
	GlobalSection(ProjectConfigurationPlatforms) = postSolution
		{38F287F7-5C5F-43E7-BDDF-5A78F0E5022B}.Debug|Any CPU.ActiveCfg = Debug|Any CPU
		{38F287F7-5C5F-43E7-BDDF-5A78F0E5022B}.Debug|Any CPU.Build.0 = Debug|Any CPU
		{38F287F7-5C5F-43E7-BDDF-5A78F0E5022B}.Release|Any CPU.ActiveCfg = Release|Any CPU
		{38F287F7-5C5F-43E7-BDDF-5A78F0E5022B}.Release|Any CPU.Build.0 = Release|Any CPU
	EndGlobalSection
	GlobalSection(SolutionProperties) = preSolution
		HideSolutionNode = FALSE
	EndGlobalSection
	GlobalSection(ExtensibilityGlobals) = postSolution
		SolutionGuid = {32863181-76FE-4C4C-873D-B580579E0FAC}
	EndGlobalSection
EndGlobal
